# Generated by pub
# See https://dart.dev/tools/pub/glossary#lockfile
packages:
  _flutterfire_internals:
    dependency: transitive
    description:
      name: _flutterfire_internals
      sha256: "8eb354cb8ebed8a9fdf63699d15deff533bc133128898afaf754926b57d611b6"
      url: "https://pub.dev"
    source: hosted
    version: "1.3.1"
  add_2_calendar:
    dependency: transitive
    description:
      name: add_2_calendar
      sha256: "840b41d12d70489fbcc0f752fd98cf877c2bbaee0cf5fd92f4fd7846a0274cbd"
      url: "https://pub.dev"
    source: hosted
    version: "2.1.3"
  ap_common:
    dependency: "direct main"
    description:
      name: ap_common
      sha256: "1a3cb56d5f8f70abada33bd4ee13da4df5953c9bea58e467101d95c2b92c88c5"
      url: "https://pub.dev"
    source: hosted
    version: "0.20.1"
  app_tracking_transparency:
    dependency: transitive
    description:
      name: app_tracking_transparency
      sha256: "03e0aa07ed4f5abbdd5c197ee4f9f58f1362aebf82444f043b5ddbbe45e1004a"
      url: "https://pub.dev"
    source: hosted
    version: "2.0.2+4"
  archive:
    dependency: transitive
    description:
      name: archive
      sha256: eb33140ede1b4039f4ad631f7bf3cfa58e24514e8bf87184bc32f17541af87fc
      url: "https://pub.dev"
    source: hosted
    version: "3.3.0"
  args:
    dependency: transitive
    description:
      name: args
      sha256: b003c3098049a51720352d219b0bb5f219b60fbfb68e7a4748139a06a5676515
      url: "https://pub.dev"
    source: hosted
    version: "2.3.1"
  asn1lib:
    dependency: transitive
    description:
      name: asn1lib
      sha256: c273725e171cea7e69c8953181202a2850297bcc7617916d83b396cd791a2dcd
      url: "https://pub.dev"
    source: hosted
    version: "1.1.0"
  async:
    dependency: transitive
    description:
      name: async
      sha256: "947bfcf187f74dbc5e146c9eb9c0f10c9f8b30743e341481c1e2ed3ecc18c20c"
      url: "https://pub.dev"
    source: hosted
    version: "2.11.0"
  auto_size_text_pk:
    dependency: transitive
    description:
      name: auto_size_text_pk
      sha256: ced55de5336fa7f438c1f5a9aa234e25d7a120c1d40d376a7cdc2af28cdb6995
      url: "https://pub.dev"
    source: hosted
    version: "3.0.0"
  barcode:
    dependency: transitive
    description:
      name: barcode
      sha256: fe0d75a61fd7db2bbb8d93199b3d6f289fc170e82449b68a63bc3bbb31b2a863
      url: "https://pub.dev"
    source: hosted
    version: "2.2.1"
  barcode_widget:
    dependency: transitive
    description:
      name: barcode_widget
      sha256: e374a5afa56b1d7ed0d93dafb7bd6a417ee138ecbc7af8d917e5bd91a30d4687
      url: "https://pub.dev"
    source: hosted
    version: "2.0.2"
  boolean_selector:
    dependency: transitive
    description:
      name: boolean_selector
      sha256: "6cfb5af12253eaf2b368f07bacc5a80d1301a071c73360d746b7f2e32d762c66"
      url: "https://pub.dev"
    source: hosted
    version: "2.1.1"
  cached_network_image:
    dependency: transitive
    description:
      name: cached_network_image
      sha256: e764e48ef036cabdf84319ba7b8b5871b6b43266e14de787cb43f77639089ae5
      url: "https://pub.dev"
    source: hosted
    version: "3.2.1"
  cached_network_image_platform_interface:
    dependency: transitive
    description:
      name: cached_network_image_platform_interface
      sha256: "8e2b5befefec5063bee8f209fda21751f6328d405d4237c70f21104568b2fee7"
      url: "https://pub.dev"
    source: hosted
    version: "1.0.0"
  cached_network_image_web:
    dependency: transitive
    description:
      name: cached_network_image_web
      sha256: d4351c7eb16767df129b0474a5ebc4e028870379c063e8ba265a56aa00831e70
      url: "https://pub.dev"
    source: hosted
    version: "1.0.1"
  characters:
    dependency: transitive
    description:
      name: characters
      sha256: "04a925763edad70e8443c99234dc3328f442e811f1d8fd1a72f1c8ad0f69a605"
      url: "https://pub.dev"
    source: hosted
    version: "1.3.0"
  charcode:
    dependency: transitive
    description:
      name: charcode
      sha256: fb98c0f6d12c920a02ee2d998da788bca066ca5f148492b7085ee23372b12306
      url: "https://pub.dev"
    source: hosted
    version: "1.3.1"
  clock:
    dependency: transitive
    description:
      name: clock
      sha256: cb6d7f03e1de671e34607e909a7213e31d7752be4fb66a86d29fe1eb14bfb5cf
      url: "https://pub.dev"
    source: hosted
    version: "1.1.1"
  collection:
    dependency: transitive
    description:
      name: collection
      sha256: "4a07be6cb69c84d677a6c3096fcf960cc3285a8330b4603e0d463d15d9bd934c"
      url: "https://pub.dev"
    source: hosted
    version: "1.17.1"
  convert:
    dependency: transitive
    description:
      name: convert
      sha256: f08428ad63615f96a27e34221c65e1a451439b5f26030f78d790f461c686d65d
      url: "https://pub.dev"
    source: hosted
    version: "3.0.1"
  cookie_jar:
    dependency: transitive
    description:
      name: cookie_jar
      sha256: d1cc6516a190ba667941f722b6365d202caff3dacb38de24268b8d6ff1ec8a1d
      url: "https://pub.dev"
    source: hosted
    version: "3.0.1"
  cross_file:
    dependency: transitive
    description:
      name: cross_file
      sha256: "93ccb9d2a91854ce7233583809774e2d3fbac6eef03c255eb6cd4db8b1242f0f"
      url: "https://pub.dev"
    source: hosted
    version: "0.3.3"
  crypto:
    dependency: transitive
    description:
      name: crypto
      sha256: aa274aa7774f8964e4f4f38cc994db7b6158dd36e9187aaceaddc994b35c6c67
      url: "https://pub.dev"
    source: hosted
    version: "3.0.2"
  csslib:
    dependency: transitive
    description:
      name: csslib
      sha256: d1cd6d6e4b39a4ad295204722b8608f19981677b223f3e942c0b5a33dcf57ec0
      url: "https://pub.dev"
    source: hosted
    version: "0.17.1"
  cupertino_back_gesture:
    dependency: transitive
    description:
      name: cupertino_back_gesture
      sha256: "64f68f3aadb98e19d85c8c1dd9595a56b5b53b05f455e32df1c52edadad456d8"
      url: "https://pub.dev"
    source: hosted
    version: "0.1.0"
  dbus:
    dependency: transitive
    description:
      name: dbus
      sha256: "4f814fc7e73057f78f307a6c4714fe2ffb4bdb994ab1970540a068ec4d5a45be"
      url: "https://pub.dev"
    source: hosted
    version: "0.7.3"
  dio:
    dependency: transitive
    description:
      name: dio
      sha256: "7d328c4d898a61efc3cd93655a0955858e29a0aa647f0f9e02d59b3bb275e2e8"
      url: "https://pub.dev"
    source: hosted
    version: "4.0.6"
  dio_cookie_manager:
    dependency: transitive
    description:
      name: dio_cookie_manager
      sha256: ed7ee3ba6cdb54599c8984d5a4ce09675c553ead6c28608eb54e38eec5b4f954
      url: "https://pub.dev"
    source: hosted
    version: "2.0.0"
  encrypt:
    dependency: transitive
    description:
      name: encrypt
      sha256: "4fd4e4fdc21b9d7d4141823e1e6515cd94e7b8d84749504c232999fba25d9bbb"
      url: "https://pub.dev"
    source: hosted
    version: "5.0.1"
  fake_async:
    dependency: transitive
    description:
      name: fake_async
      sha256: "511392330127add0b769b75a987850d136345d9227c6b94c96a04cf4a391bf78"
      url: "https://pub.dev"
    source: hosted
    version: "1.3.1"
  ffi:
    dependency: transitive
    description:
      name: ffi
      sha256: "13a6ccf6a459a125b3fcdb6ec73bd5ff90822e071207c663bfd1f70062d51d18"
      url: "https://pub.dev"
    source: hosted
    version: "1.2.1"
  file:
    dependency: transitive
    description:
      name: file
      sha256: b69516f2c26a5bcac4eee2e32512e1a5205ab312b3536c1c1227b2b942b5f9ad
      url: "https://pub.dev"
    source: hosted
    version: "6.1.2"
  file_selector:
    dependency: transitive
    description:
      name: file_selector
      sha256: "312829854cd7af4456f9f52fc3c6cf9573a3238fa8264a4e802b175cac642fd5"
      url: "https://pub.dev"
    source: hosted
    version: "0.8.3"
  file_selector_linux:
    dependency: transitive
    description:
      name: file_selector_linux
      sha256: d9b12819251f3704a6664c2046c287cd36beca0f2f9bb992ac08f33e9eb2ea51
      url: "https://pub.dev"
    source: hosted
    version: "0.0.2+1"
  file_selector_macos:
    dependency: transitive
    description:
      name: file_selector_macos
      sha256: "611370528284753d852f59d390c6d58a531131fdb463cdf30ffec2174ba95663"
      url: "https://pub.dev"
    source: hosted
    version: "0.0.4+1"
  file_selector_platform_interface:
    dependency: transitive
    description:
      name: file_selector_platform_interface
      sha256: "3bf26fbd775000b8e3b4692dfecc55f7e9f259e56d96e19fb4b473a7bea19ffe"
      url: "https://pub.dev"
    source: hosted
    version: "2.0.4"
  file_selector_web:
    dependency: transitive
    description:
      name: file_selector_web
      sha256: bf166d08f4c3f79286774cdfa39ed301e076c5a903c435f5199818288f24a66d
      url: "https://pub.dev"
    source: hosted
    version: "0.8.1+5"
  file_selector_windows:
    dependency: transitive
    description:
      name: file_selector_windows
      sha256: "4a818174d65fbdb988c3fe133309de457072a59990aa88f90e37a5a327fcef03"
      url: "https://pub.dev"
    source: hosted
    version: "0.8.2+1"
  firebase_analytics:
    dependency: "direct main"
    description:
      name: firebase_analytics
      sha256: d283d7475afd8f9397889bf00961ddde55c3c2daf25334dd3e3a69db0f21c939
      url: "https://pub.dev"
    source: hosted
    version: "10.4.1"
  firebase_analytics_platform_interface:
    dependency: transitive
    description:
      name: firebase_analytics_platform_interface
      sha256: e4f8f612a1847fc4e906bd581cbd84bea5385478ffa301dfe49796bf2c89308e
      url: "https://pub.dev"
    source: hosted
    version: "3.6.1"
  firebase_analytics_web:
    dependency: transitive
    description:
      name: firebase_analytics_web
      sha256: afeae10f89ef87b288e830d15ad1c712feedda881d27d422b2f064fa749952c8
      url: "https://pub.dev"
    source: hosted
    version: "0.5.4+1"
  firebase_core:
    dependency: "direct main"
    description:
      name: firebase_core
      sha256: "250678b816279b3240c3a33e1f76bf712c00718f1fbeffc85873a5da8c077379"
      url: "https://pub.dev"
    source: hosted
    version: "2.13.0"
  firebase_core_platform_interface:
    dependency: transitive
    description:
      name: firebase_core_platform_interface
      sha256: b63e3be6c96ef5c33bdec1aab23c91eb00696f6452f0519401d640938c94cba2
      url: "https://pub.dev"
    source: hosted
    version: "4.8.0"
  firebase_core_web:
    dependency: transitive
    description:
      name: firebase_core_web
      sha256: "8c0f4c87d20e2d001a5915df238c1f9c88704231f591324205f5a5d2a7740a45"
      url: "https://pub.dev"
    source: hosted
    version: "2.5.0"
  firebase_crashlytics:
    dependency: "direct main"
    description:
      name: firebase_crashlytics
      sha256: "0d74cca3085f144f99aa4bd82cc4d33280d4cb72bac0b733cbf97c2d7d126df8"
      url: "https://pub.dev"
    source: hosted
    version: "3.3.1"
  firebase_crashlytics_platform_interface:
    dependency: transitive
    description:
      name: firebase_crashlytics_platform_interface
      sha256: "13880033d5f2055f53bcda28024e16607b8400445a425f86732c1935da9260db"
      url: "https://pub.dev"
    source: hosted
    version: "3.6.1"
  firebase_messaging:
    dependency: "direct main"
    description:
      name: firebase_messaging
      sha256: "9cfe5c4560fb83393511ca7620f8fb3f22c9a80303052f10290e732fcfb801bd"
      url: "https://pub.dev"
    source: hosted
    version: "14.6.1"
  firebase_messaging_platform_interface:
    dependency: transitive
    description:
      name: firebase_messaging_platform_interface
      sha256: "7e25cb71019ccef8b1fd7b37969af79f04c467974cce4dfc291fa36974edd7ba"
      url: "https://pub.dev"
    source: hosted
    version: "4.5.1"
  firebase_messaging_web:
    dependency: transitive
    description:
      name: firebase_messaging_web
      sha256: "5d9840cc8126ea723b1bda901389cb542902f664f2653c16d4f8114e95f13cec"
      url: "https://pub.dev"
    source: hosted
    version: "3.5.1"
  firebase_performance:
    dependency: "direct main"
    description:
      name: firebase_performance
      sha256: "60c6ef0108429a6a73f9d66f10532b715901677ed662b87a511edba9cb98c4ec"
      url: "https://pub.dev"
    source: hosted
    version: "0.9.2+1"
  firebase_performance_platform_interface:
    dependency: transitive
    description:
      name: firebase_performance_platform_interface
      sha256: f282cdf9f939aabfaab6b8a40e0e56ef27a7effef6540c13eaa927b935cb1944
      url: "https://pub.dev"
    source: hosted
    version: "0.1.4+1"
  firebase_performance_web:
    dependency: transitive
    description:
      name: firebase_performance_web
      sha256: "71e4a9a0f8f39b830161986fdcd5f5d45837e56bc1d8da0e41bdc44551981d31"
      url: "https://pub.dev"
    source: hosted
    version: "0.1.4+1"
  firebase_remote_config:
    dependency: "direct main"
    description:
      name: firebase_remote_config
      sha256: "9a1c1f26cbfa26bbc28911e66c4626456997d5e0faa646aab77736150fa2d618"
      url: "https://pub.dev"
    source: hosted
    version: "4.2.1"
  firebase_remote_config_platform_interface:
    dependency: transitive
    description:
      name: firebase_remote_config_platform_interface
      sha256: cffee0e79cfd6acadcc53be5dbae31d1c67a603827223a234b5d9d5983ac6c9b
      url: "https://pub.dev"
    source: hosted
    version: "1.4.1"
  firebase_remote_config_web:
    dependency: transitive
    description:
      name: firebase_remote_config_web
      sha256: "43d014f2c54fa283b5825352208215f0fc228ad8bfc0613a054885039d8cf721"
      url: "https://pub.dev"
    source: hosted
    version: "1.4.1"
  flutter:
    dependency: "direct main"
    description: flutter
    source: sdk
    version: "0.0.0"
  flutter_blurhash:
    dependency: transitive
    description:
      name: flutter_blurhash
      sha256: "05001537bd3fac7644fa6558b09ec8c0a3f2eba78c0765f88912882b1331a5c6"
      url: "https://pub.dev"
    source: hosted
    version: "0.7.0"
  flutter_cache_manager:
    dependency: transitive
    description:
      name: flutter_cache_manager
      sha256: "32cd900555219333326a2d0653aaaf8671264c29befa65bbd9856d204a4c9fb3"
      url: "https://pub.dev"
    source: hosted
    version: "3.3.0"
  flutter_keyboard_visibility:
    dependency: transitive
    description:
      name: flutter_keyboard_visibility
      sha256: "5c5c2bf049e0f8b61c6bb6c317e3bf6142d238ab6711841f829e7432c568cc00"
      url: "https://pub.dev"
    source: hosted
    version: "5.2.0"
  flutter_keyboard_visibility_platform_interface:
    dependency: transitive
    description:
      name: flutter_keyboard_visibility_platform_interface
      sha256: e43a89845873f7be10cb3884345ceb9aebf00a659f479d1c8f4293fcb37022a4
      url: "https://pub.dev"
    source: hosted
    version: "2.0.0"
  flutter_keyboard_visibility_web:
    dependency: transitive
    description:
      name: flutter_keyboard_visibility_web
      sha256: d3771a2e752880c79203f8d80658401d0c998e4183edca05a149f5098ce6e3d1
      url: "https://pub.dev"
    source: hosted
    version: "2.0.0"
  flutter_linkify:
    dependency: transitive
    description:
      name: flutter_linkify
      sha256: c89fe74de985ec22f23d3538d2249add085a4f37ac1c29fd79e1a207efb81d63
      url: "https://pub.dev"
    source: hosted
    version: "5.0.2"
  flutter_local_notifications:
    dependency: transitive
    description:
      name: flutter_local_notifications
      sha256: "57d0012730780fe137260dd180e072c18a73fbeeb924cdc029c18aaa0f338d64"
      url: "https://pub.dev"
    source: hosted
    version: "9.9.1"
  flutter_local_notifications_linux:
    dependency: transitive
    description:
      name: flutter_local_notifications_linux
      sha256: b472bfc173791b59ede323661eae20f7fff0b6908fea33dd720a6ef5d576bae8
      url: "https://pub.dev"
    source: hosted
    version: "0.5.1"
  flutter_local_notifications_platform_interface:
    dependency: transitive
    description:
      name: flutter_local_notifications_platform_interface
      sha256: "21bceee103a66a53b30ea9daf677f990e5b9e89b62f222e60dd241cd08d63d3a"
      url: "https://pub.dev"
    source: hosted
    version: "5.0.0"
  flutter_localizations:
    dependency: transitive
    description: flutter
    source: sdk
    version: "0.0.0"
  flutter_plugin_android_lifecycle:
    dependency: transitive
    description:
      name: flutter_plugin_android_lifecycle
      sha256: "6ffe524cd6a7d49d99b2bf979a4f6ad82304c639cea4c8d3d0f8cf1aff24e74a"
      url: "https://pub.dev"
    source: hosted
    version: "2.0.6"
  flutter_test:
    dependency: "direct dev"
    description: flutter
    source: sdk
    version: "0.0.0"
  flutter_web_plugins:
    dependency: transitive
    description: flutter
    source: sdk
    version: "0.0.0"
  google_sign_in:
    dependency: transitive
    description:
      name: google_sign_in
      sha256: c1632c25dd9a1ef758ef3bcfa70af15196b70ad64b6397217f2aa6284bfddee1
      url: "https://pub.dev"
    source: hosted
    version: "5.3.2"
  google_sign_in_android:
    dependency: transitive
    description:
      name: google_sign_in_android
      sha256: "12941b9b7db4fab60a657d167fd72d06fd1214275ee3624404a0b222bb89e334"
      url: "https://pub.dev"
    source: hosted
    version: "5.2.8"
  google_sign_in_ios:
    dependency: transitive
    description:
      name: google_sign_in_ios
      sha256: "35b1a9d3057f96de2c2d75c82c7655814b53ddbc84741d13be735cd6b69c597b"
      url: "https://pub.dev"
    source: hosted
    version: "5.3.1"
  google_sign_in_platform_interface:
    dependency: transitive
    description:
      name: google_sign_in_platform_interface
      sha256: "361c48a8ce52ad50de5d52cbeeceb759228ec3b0e1b6be5b83c595e3e1357c74"
      url: "https://pub.dev"
    source: hosted
    version: "2.1.3"
  google_sign_in_web:
    dependency: transitive
    description:
      name: google_sign_in_web
      sha256: "9d943fe1c2dd556971e68c210e39707cef66786519a1f70de491e7ea5e2def3b"
      url: "https://pub.dev"
    source: hosted
    version: "0.10.1+2"
  hive:
    dependency: transitive
    description:
      name: hive
      sha256: "54c9d7edae85cd2fdf8172e0ac1fff1a8e4a62692e1cec9ec3f6770fb501f6c7"
      url: "https://pub.dev"
    source: hosted
    version: "2.2.1"
  hive_flutter:
    dependency: transitive
    description:
      name: hive_flutter
      sha256: dca1da446b1d808a51689fb5d0c6c9510c0a2ba01e22805d492c73b68e33eecc
      url: "https://pub.dev"
    source: hosted
    version: "1.1.0"
  html:
    dependency: transitive
    description:
      name: html
      sha256: bfef906cbd4e78ef49ae511d9074aebd1d2251482ef601a280973e8b58b51bbf
      url: "https://pub.dev"
    source: hosted
    version: "0.15.0"
  http:
    dependency: transitive
    description:
      name: http
      sha256: "2ed163531e071c2c6b7c659635112f24cb64ecbebf6af46b550d536c0b1aa112"
      url: "https://pub.dev"
    source: hosted
    version: "0.13.4"
  http_parser:
    dependency: transitive
    description:
      name: http_parser
      sha256: db3060f22889f3d9d55f6a217565486737037eec3609f7f3eca4d0c67ee0d8a0
      url: "https://pub.dev"
    source: hosted
    version: "4.0.1"
  image:
    dependency: transitive
    description:
      name: image
      sha256: "02bafd3b4f399bfeb10034deba9753d93b55ce41cd0c4d3d8b355626f80e5b32"
      url: "https://pub.dev"
    source: hosted
    version: "3.1.3"
  image_picker:
    dependency: transitive
    description:
      name: image_picker
      sha256: f3712cd190227fb92e0960cb0ce22928ba042c7183b16864ade83b259adf8ea6
      url: "https://pub.dev"
    source: hosted
    version: "0.8.5+3"
  image_picker_android:
    dependency: transitive
    description:
      name: image_picker_android
      sha256: "524c04b800320c92c079294a8a2024912b5cff6854d8e5da4d966338b243a276"
      url: "https://pub.dev"
    source: hosted
    version: "0.8.4+13"
  image_picker_for_web:
    dependency: transitive
    description:
      name: image_picker_for_web
      sha256: "60f306ffbdcada4bc8b2691acc420258a1b758e102c87c4f94fb568d640f0e0e"
      url: "https://pub.dev"
    source: hosted
    version: "2.1.8"
  image_picker_ios:
    dependency: transitive
    description:
      name: image_picker_ios
      sha256: c1af1bd2223362771e161a72c5361c762a7719f822583762b3ddd1971bcea081
      url: "https://pub.dev"
    source: hosted
    version: "0.8.5+5"
  image_picker_platform_interface:
    dependency: transitive
    description:
      name: image_picker_platform_interface
      sha256: b5cfa6b0364979411dfbd3a68bd874452eff22344f184f92af79bddc4acf4742
      url: "https://pub.dev"
    source: hosted
    version: "2.5.0"
  in_app_review:
    dependency: transitive
    description:
      name: in_app_review
      sha256: "6cb7a8e4a2eecfa5868b35e1e9ac9082341eeead2cefaac8282be514736e9715"
      url: "https://pub.dev"
    source: hosted
    version: "2.0.4"
  in_app_review_platform_interface:
    dependency: transitive
    description:
      name: in_app_review_platform_interface
      sha256: "1e5f2fc7d047607bffeb7d35f32651f7d2f328e872105e4f8d323c864aeaceb9"
      url: "https://pub.dev"
    source: hosted
    version: "2.0.3"
  intl:
    dependency: transitive
    description:
      name: intl
      sha256: a3715e3bc90294e971cb7dc063fbf3cd9ee0ebf8604ffeafabd9e6f16abbdbe6
      url: "https://pub.dev"
    source: hosted
    version: "0.18.0"
  js:
    dependency: transitive
    description:
      name: js
      sha256: f2c445dce49627136094980615a031419f7f3eb393237e4ecd97ac15dea343f3
      url: "https://pub.dev"
    source: hosted
    version: "0.6.7"
  jwt_decoder:
    dependency: transitive
    description:
      name: jwt_decoder
      sha256: "54774aebf83f2923b99e6416b4ea915d47af3bde56884eb622de85feabbc559f"
      url: "https://pub.dev"
    source: hosted
    version: "2.0.1"
  linkify:
    dependency: transitive
    description:
      name: linkify
      sha256: bdfbdafec6cdc9cd0ebb333a868cafc046714ad508e48be8095208c54691d959
      url: "https://pub.dev"
    source: hosted
    version: "4.1.0"
  matcher:
    dependency: transitive
    description:
      name: matcher
      sha256: "6501fbd55da300384b768785b83e5ce66991266cec21af89ab9ae7f5ce1c4cbb"
      url: "https://pub.dev"
    source: hosted
    version: "0.12.15"
  material_color_utilities:
    dependency: transitive
    description:
      name: material_color_utilities
      sha256: d92141dc6fe1dad30722f9aa826c7fbc896d021d792f80678280601aff8cf724
      url: "https://pub.dev"
    source: hosted
    version: "0.2.0"
  meta:
    dependency: transitive
    description:
      name: meta
      sha256: "3c74dbf8763d36539f114c799d8a2d87343b5067e9d796ca22b5eb8437090ee3"
      url: "https://pub.dev"
    source: hosted
    version: "1.9.1"
  mime:
    dependency: transitive
    description:
      name: mime
      sha256: dab22e92b41aa1255ea90ddc4bc2feaf35544fd0728e209638cad041a6e3928a
      url: "https://pub.dev"
    source: hosted
    version: "1.0.2"
  octo_image:
    dependency: transitive
    description:
      name: octo_image
      sha256: "107f3ed1330006a3bea63615e81cf637433f5135a52466c7caa0e7152bca9143"
      url: "https://pub.dev"
    source: hosted
    version: "1.0.2"
  package_info_plus:
    dependency: transitive
    description:
      name: package_info_plus
      sha256: "7a6114becdf042be2b0777d77ace954d4a205644171a1cbd8712976b9bbb837c"
      url: "https://pub.dev"
    source: hosted
    version: "1.4.2"
  package_info_plus_linux:
    dependency: transitive
    description:
      name: package_info_plus_linux
      sha256: "04b575f44233d30edbb80a94e57cad9107aada334fc02aabb42b6becd13c43fc"
      url: "https://pub.dev"
    source: hosted
    version: "1.0.5"
  package_info_plus_macos:
    dependency: transitive
    description:
      name: package_info_plus_macos
      sha256: a2ad8b4acf4cd479d4a0afa5a74ea3f5b1c7563b77e52cc32b3ee6956d5482a6
      url: "https://pub.dev"
    source: hosted
    version: "1.3.0"
  package_info_plus_platform_interface:
    dependency: transitive
    description:
      name: package_info_plus_platform_interface
      sha256: f7a0c8f1e7e981bc65f8b64137a53fd3c195b18d429fba960babc59a5a1c7ae8
      url: "https://pub.dev"
    source: hosted
    version: "1.0.2"
  package_info_plus_web:
    dependency: transitive
    description:
      name: package_info_plus_web
      sha256: d652f0a865d2da52856e2001c53e83fe34a6009cd8d8751d38cf8173c0abf906
      url: "https://pub.dev"
    source: hosted
    version: "1.0.5"
  package_info_plus_windows:
    dependency: transitive
    description:
      name: package_info_plus_windows
      sha256: a6040b8695c82f8dd3c3d4dfab7ef96fbe9c67aac21b9bcf5db272589ef84441
      url: "https://pub.dev"
    source: hosted
    version: "1.0.5"
  path:
    dependency: transitive
    description:
      name: path
      sha256: "8829d8a55c13fc0e37127c29fedf290c102f4e40ae94ada574091fe0ff96c917"
      url: "https://pub.dev"
    source: hosted
    version: "1.8.3"
  path_parsing:
    dependency: transitive
    description:
      name: path_parsing
      sha256: "9508ebdf1c3ac3a68ad5fb15edab8b026382999f18f77352349e56fbd74183ac"
      url: "https://pub.dev"
    source: hosted
    version: "1.0.0"
  path_provider:
    dependency: transitive
    description:
      name: path_provider
      sha256: "3f6e0d697dc557ed6589107c8c13eda5ad488285917788379bbf392e3e30ea37"
      url: "https://pub.dev"
    source: hosted
    version: "2.0.10"
  path_provider_android:
    dependency: transitive
    description:
      name: path_provider_android
      sha256: dfaa152e93c3a6fec632482928c770b2156dfb873582e99fbd6ac3b3de651d4c
      url: "https://pub.dev"
    source: hosted
    version: "2.0.14"
  path_provider_ios:
    dependency: transitive
    description:
      name: path_provider_ios
      sha256: "060ca9249d85bda6ee4ea2ecb3f4698a32f73183e0dee4f469bee8e146eadc1f"
      url: "https://pub.dev"
    source: hosted
    version: "2.0.9"
  path_provider_linux:
    dependency: transitive
    description:
      name: path_provider_linux
      sha256: "367b9311fe9ce1421215bcc37dce9bde57b6640c7b790cee1974c2b0a691e074"
      url: "https://pub.dev"
    source: hosted
    version: "2.1.6"
  path_provider_macos:
    dependency: transitive
    description:
      name: path_provider_macos
      sha256: "2a97e7fbb7ae9dcd0dfc1220a78e9ec3e71da691912e617e8715ff2a13086ae8"
      url: "https://pub.dev"
    source: hosted
    version: "2.0.6"
  path_provider_platform_interface:
    dependency: transitive
    description:
      name: path_provider_platform_interface
      sha256: "27dc7a224fcd07444cb5e0e60423ccacea3e13cf00fc5282ac2c918132da931d"
      url: "https://pub.dev"
    source: hosted
    version: "2.0.4"
  path_provider_windows:
    dependency: transitive
    description:
      name: path_provider_windows
      sha256: "62dbb1bc45f1e7ba1094c9dd8ea46bdcffc254db7354b4988cb9326c9d2efcdd"
      url: "https://pub.dev"
    source: hosted
    version: "2.0.6"
  pdf:
    dependency: transitive
    description:
      name: pdf
      sha256: "1ae4d6c23dc083363268dd508b81065f99ec219f4b1028131482e0f6a753c523"
      url: "https://pub.dev"
    source: hosted
    version: "3.8.1"
  pedantic:
    dependency: transitive
    description:
      name: pedantic
      sha256: "67fc27ed9639506c856c840ccce7594d0bdcd91bc8d53d6e52359449a1d50602"
      url: "https://pub.dev"
    source: hosted
    version: "1.11.1"
  petitparser:
    dependency: transitive
    description:
      name: petitparser
      sha256: "2ebb289dc4764ec397f5cd3ca9881c6d17196130a7d646ed022a0dd9c2e25a71"
      url: "https://pub.dev"
    source: hosted
    version: "5.0.0"
  photo_manager:
    dependency: transitive
    description:
      name: photo_manager
      sha256: ca8ed505a7f0ec741b8c53325d1748be46b9676edaa9157086cc9c12d80c017e
      url: "https://pub.dev"
    source: hosted
    version: "1.3.10"
  photo_view:
    dependency: transitive
    description:
      name: photo_view
      sha256: "26cb153080a2673bebccaf72d3283e82f8f41a47fe5f9bc5ba8634d2e8a9fc8e"
      url: "https://pub.dev"
    source: hosted
    version: "0.13.0"
  platform:
    dependency: "direct main"
    description:
      name: platform
      sha256: "4a451831508d7d6ca779f7ac6e212b4023dd5a7d08a27a63da33756410e32b76"
      url: "https://pub.dev"
    source: hosted
    version: "3.1.0"
  plugin_platform_interface:
    dependency: transitive
    description:
      name: plugin_platform_interface
      sha256: "6a2128648c854906c53fa8e33986fc0247a1116122f9534dd20e3ab9e16a32bc"
      url: "https://pub.dev"
    source: hosted
    version: "2.1.4"
  pointycastle:
    dependency: transitive
    description:
      name: pointycastle
      sha256: "0edfe20fdabaf4cd97e234f66a509f8dc7dc9c55ee2c226027be7be86de612c3"
      url: "https://pub.dev"
    source: hosted
    version: "3.6.0"
  printing:
    dependency: transitive
    description:
      name: printing
      sha256: d70e16e55c31fbadc1ce7766c42879ae4836051c56f399182b095e50f5c5c288
      url: "https://pub.dev"
    source: hosted
    version: "5.9.1"
  process:
    dependency: transitive
    description:
      name: process
      sha256: "53fd8db9cec1d37b0574e12f07520d582019cb6c44abf5479a01505099a34a09"
      url: "https://pub.dev"
    source: hosted
    version: "4.2.4"
  qr:
    dependency: transitive
    description:
      name: qr
      sha256: "64957a3930367bf97cc211a5af99551d630f2f4625e38af10edd6b19131b64b3"
      url: "https://pub.dev"
    source: hosted
    version: "3.0.1"
  quiver:
    dependency: transitive
    description:
      name: quiver
      sha256: "93982981971e812c94d4a6fa3a57b89f9ec12b38b6380cd3c1370c3b01e4580e"
      url: "https://pub.dev"
    source: hosted
    version: "3.1.0"
  rxdart:
    dependency: transitive
    description:
      name: rxdart
      sha256: bc2d2b17b87fab32e2dca53ca3066d3147de6f96c74d76cfe1a379a24239c46d
      url: "https://pub.dev"
    source: hosted
    version: "0.27.3"
  share_plus:
    dependency: transitive
    description:
      name: share_plus
      sha256: "19ca1711da65e3f6e637b8a8cef2810fb5985105a7657918286e7e65c3ee173c"
      url: "https://pub.dev"
    source: hosted
    version: "3.1.0"
  share_plus_linux:
    dependency: transitive
    description:
      name: share_plus_linux
      sha256: c217d158bb0f2374dd8cf655160be13f8ace4d2555804cb2932a68141a315456
      url: "https://pub.dev"
    source: hosted
    version: "2.0.4"
  share_plus_macos:
    dependency: transitive
    description:
      name: share_plus_macos
      sha256: "3f12572a41dc59116559c8759a31d3a34b8350ffebefc516206f8c128e114658"
      url: "https://pub.dev"
    source: hosted
    version: "2.1.0"
  share_plus_platform_interface:
    dependency: transitive
    description:
      name: share_plus_platform_interface
      sha256: a15bc981f3169a95a5c8b6c2646cfb31cf8452ecf86cb491da1a61a7cee5cec5
      url: "https://pub.dev"
    source: hosted
    version: "2.1.0"
  share_plus_web:
    dependency: transitive
    description:
      name: share_plus_web
      sha256: b121451985255d61cfd30079fcfb25fd9c8a8e0222d25a7994e78175610f4357
      url: "https://pub.dev"
    source: hosted
    version: "2.0.4"
  share_plus_windows:
    dependency: transitive
    description:
      name: share_plus_windows
      sha256: "42cdcbc99652eceae5257eed9b06a26566d36ffc0238026ab71cb34102e05ae3"
      url: "https://pub.dev"
    source: hosted
    version: "2.0.3"
  shared_preferences:
    dependency: transitive
    description:
      name: shared_preferences
      sha256: "76917b7d4b9526b2ba416808a7eb9fb2863c1a09cf63ec85f1453da240fa818a"
      url: "https://pub.dev"
    source: hosted
    version: "2.0.15"
  shared_preferences_android:
    dependency: transitive
    description:
      name: shared_preferences_android
      sha256: "853801ce6ba7429ec4e923e37317f32a57c903de50b8c33ffcfbdb7e6f0dd39c"
      url: "https://pub.dev"
    source: hosted
    version: "2.0.12"
  shared_preferences_ios:
    dependency: transitive
    description:
      name: shared_preferences_ios
      sha256: "585a14cefec7da8c9c2fb8cd283a3bb726b4155c0952afe6a0caaa7b2272de34"
      url: "https://pub.dev"
    source: hosted
    version: "2.1.1"
  shared_preferences_linux:
    dependency: transitive
    description:
      name: shared_preferences_linux
      sha256: "28aefc1261746e7bad3d09799496054beb84e8c4ffcdfed7734e17b4ada459a5"
      url: "https://pub.dev"
    source: hosted
    version: "2.1.1"
  shared_preferences_macos:
    dependency: transitive
    description:
      name: shared_preferences_macos
      sha256: fbb94bf296576f49be37a1496d5951796211a8db0aa22cc0d68c46440dad808c
      url: "https://pub.dev"
    source: hosted
    version: "2.0.4"
  shared_preferences_platform_interface:
    dependency: transitive
    description:
      name: shared_preferences_platform_interface
      sha256: "992f0fdc46d0a3c0ac2e5859f2de0e577bbe51f78a77ee8f357cbe626a2ad32d"
      url: "https://pub.dev"
    source: hosted
    version: "2.0.0"
  shared_preferences_web:
    dependency: transitive
    description:
      name: shared_preferences_web
      sha256: a4b5bc37fe1b368bbc81f953197d55e12f49d0296e7e412dfe2d2d77d6929958
      url: "https://pub.dev"
    source: hosted
    version: "2.0.4"
  shared_preferences_windows:
    dependency: transitive
    description:
      name: shared_preferences_windows
      sha256: "97f7ab9a7da96d9cf19581f5de520ceb529548498bd6b5e0ccd02d68a0d15eba"
      url: "https://pub.dev"
    source: hosted
    version: "2.1.1"
  sign_in_with_apple:
    dependency: transitive
    description:
      name: sign_in_with_apple
      sha256: "54791280a9b4c233c3a85027c936690f77e2406fd0ffd6e1e0ac92338448d6b5"
      url: "https://pub.dev"
    source: hosted
    version: "3.3.0"
  sign_in_with_apple_platform_interface:
    dependency: transitive
    description:
      name: sign_in_with_apple_platform_interface
      sha256: a5883edee09ed6be19de19e7d9f618a617fe41a6fa03f76d082dfb787e9ea18d
      url: "https://pub.dev"
    source: hosted
    version: "1.0.0"
  sign_in_with_apple_web:
    dependency: transitive
    description:
      name: sign_in_with_apple_web
      sha256: "44b66528f576e77847c14999d5e881e17e7223b7b0625a185417829e5306f47a"
      url: "https://pub.dev"
    source: hosted
    version: "1.0.1"
  sky_engine:
    dependency: transitive
    description: flutter
    source: sdk
    version: "0.0.99"
  source_span:
    dependency: transitive
    description:
      name: source_span
      sha256: dd904f795d4b4f3b870833847c461801f6750a9fa8e61ea5ac53f9422b31f250
      url: "https://pub.dev"
    source: hosted
    version: "1.9.1"
  sprintf:
    dependency: transitive
    description:
      name: sprintf
      sha256: "936056f5ed53a4c69a1446b78434a24b9264cac67da4c98b39403e8f5d9fc526"
      url: "https://pub.dev"
    source: hosted
    version: "6.0.0"
  sqflite:
    dependency: transitive
    description:
      name: sqflite
      sha256: "51c09d414ca74b1cd4a5880d63763ebd2033a4fc6d921708c7c1e98c603735d4"
      url: "https://pub.dev"
    source: hosted
    version: "2.0.2+1"
  sqflite_common:
    dependency: transitive
    description:
      name: sqflite_common
      sha256: b504fc5b4576a05586a0bb99d9bcc0d37a78d9d5ed68b96c361d5d3a8e538275
      url: "https://pub.dev"
    source: hosted
    version: "2.2.1+1"
  stack_trace:
    dependency: transitive
    description:
      name: stack_trace
      sha256: c3c7d8edb15bee7f0f74debd4b9c5f3c2ea86766fe4178eb2a18eb30a0bdaed5
      url: "https://pub.dev"
    source: hosted
    version: "1.11.0"
  stream_channel:
    dependency: transitive
    description:
      name: stream_channel
      sha256: "83615bee9045c1d322bbbd1ba209b7a749c2cbcdcb3fdd1df8eb488b3279c1c8"
      url: "https://pub.dev"
    source: hosted
    version: "2.1.1"
  string_scanner:
    dependency: transitive
    description:
      name: string_scanner
      sha256: "556692adab6cfa87322a115640c11f13cb77b3f076ddcc5d6ae3c20242bedcde"
      url: "https://pub.dev"
    source: hosted
    version: "1.2.0"
  synchronized:
    dependency: transitive
    description:
      name: synchronized
      sha256: a7f0790927c0806ae0d5eb061c713748fa6070ef0037e391a2d53c3844c09dc2
      url: "https://pub.dev"
    source: hosted
    version: "3.0.0+2"
  term_glyph:
    dependency: transitive
    description:
      name: term_glyph
      sha256: a29248a84fbb7c79282b40b8c72a1209db169a2e0542bce341da992fe1bc7e84
      url: "https://pub.dev"
    source: hosted
    version: "1.2.1"
  test_api:
    dependency: transitive
    description:
      name: test_api
      sha256: eb6ac1540b26de412b3403a163d919ba86f6a973fe6cc50ae3541b80092fdcfb
      url: "https://pub.dev"
    source: hosted
    version: "0.5.1"
  timezone:
    dependency: transitive
    description:
      name: timezone
      sha256: "57b35f6e8ef731f18529695bffc62f92c6189fac2e52c12d478dec1931afb66e"
      url: "https://pub.dev"
    source: hosted
    version: "0.8.0"
  typed_data:
    dependency: transitive
    description:
      name: typed_data
      sha256: "26f87ade979c47a150c9eaab93ccd2bebe70a27dc0b4b29517f2904f04eb11a5"
      url: "https://pub.dev"
    source: hosted
    version: "1.3.1"
  universal_html:
    dependency: transitive
    description:
      name: universal_html
      sha256: "5ff50b7c14d201421cf5230ec389a0591c4deb5c817c9d7ccca3b26fe5f31e34"
      url: "https://pub.dev"
    source: hosted
    version: "2.0.8"
  universal_io:
    dependency: transitive
    description:
      name: universal_io
      sha256: "79f78ddad839ee3aae3ec7c01eb4575faf0d5c860f8e5223bc9f9c17f7f03cef"
      url: "https://pub.dev"
    source: hosted
    version: "2.0.4"
  url_launcher:
    dependency: "direct main"
    description:
      name: url_launcher
      sha256: "16177b6719e7c904875fdae7366479fb96b304bce0ad043ac5e652269ac09e82"
      url: "https://pub.dev"
    source: hosted
    version: "6.1.2"
  url_launcher_android:
    dependency: transitive
    description:
      name: url_launcher_android
      sha256: "1ccd353c1bff66b49863527c02759f4d06b92744bd9777c96a00ca6a9e8e1d2f"
      url: "https://pub.dev"
    source: hosted
    version: "6.0.17"
  url_launcher_ios:
    dependency: transitive
    description:
      name: url_launcher_ios
      sha256: "6ba7dddee26c9fae27c9203c424631109d73c8fa26cfa7bc3e35e751cb87f62e"
      url: "https://pub.dev"
    source: hosted
    version: "6.0.17"
  url_launcher_linux:
    dependency: transitive
    description:
      name: url_launcher_linux
      sha256: "360fa359ab06bcb4f7c5cd3123a2a9a4d3364d4575d27c4b33468bd4497dd094"
      url: "https://pub.dev"
    source: hosted
    version: "3.0.1"
  url_launcher_macos:
    dependency: transitive
    description:
      name: url_launcher_macos
      sha256: a9b3ea9043eabfaadfa3fb89de67a11210d85569086d22b3854484beab8b3978
      url: "https://pub.dev"
    source: hosted
    version: "3.0.1"
  url_launcher_platform_interface:
    dependency: transitive
    description:
      name: url_launcher_platform_interface
      sha256: "1b9c4dab07794498b83b5f938e26b20f68c3b460a3015b0307f9541cb34ef93d"
      url: "https://pub.dev"
    source: hosted
    version: "2.0.5"
  url_launcher_web:
    dependency: transitive
    description:
      name: url_launcher_web
      sha256: "1c7d34f93353de7f7ad9cb239e8b1e680e759b73845d4970dedc4e0a926e9abe"
      url: "https://pub.dev"
    source: hosted
    version: "2.0.11"
  url_launcher_windows:
    dependency: transitive
    description:
      name: url_launcher_windows
      sha256: e3c3b16d3104260c10eea3b0e34272aaa57921f83148b0619f74c2eced9b7ef1
      url: "https://pub.dev"
    source: hosted
    version: "3.0.1"
  uuid:
    dependency: transitive
    description:
      name: uuid
      sha256: "2469694ad079893e3b434a627970c33f2fa5adc46dfe03c9617546969a9a8afc"
      url: "https://pub.dev"
    source: hosted
    version: "3.0.6"
  vector_math:
    dependency: transitive
    description:
      name: vector_math
      sha256: "80b3257d1492ce4d091729e3a67a60407d227c27241d6927be0130c98e741803"
      url: "https://pub.dev"
    source: hosted
    version: "2.1.4"
  win32:
    dependency: transitive
    description:
      name: win32
      sha256: c0e3a4f7be7dae51d8f152230b86627e3397c1ba8c3fa58e63d44a9f3edc9cef
      url: "https://pub.dev"
    source: hosted
    version: "2.6.1"
  xdg_directories:
    dependency: transitive
    description:
      name: xdg_directories
      sha256: "060b6e1c891d956f72b5ac9463466c37cce3fa962a921532fc001e86fe93438e"
      url: "https://pub.dev"
    source: hosted
    version: "0.2.0+1"
  xml:
    dependency: transitive
    description:
      name: xml
      sha256: "80d494c09849dc3f899d227a78c30c5b949b985ededf884cb3f3bcd39f4b447a"
      url: "https://pub.dev"
    source: hosted
    version: "5.4.1"
sdks:
  dart: ">=3.0.0-0 <4.0.0"
  flutter: ">=3.3.0"
